
Microsoft Visual Studio Solution File, Format Version 12.00
# Visual Studio Version 17
VisualStudioVersion = 17.5.33530.505
MinimumVisualStudioVersion = 10.0.40219.1
Project("{FAE04EC0-301F-11D3-BF4B-00C04F79EFBC}") = "GostProjectAPI", "GostProjectAPI.csproj", "{E6DA89DB-5852-4E00-8905-7DD5D7A465CD}"
EndProject
Global
	GlobalSection(SolutionConfigurationPlatforms) = preSolution
		Debug|Any CPU = Debug|Any CPU
		Release|Any CPU = Release|Any CPU
	EndGlobalSection
	GlobalSection(ProjectConfigurationPlatforms) = postSolution
		{E6DA89DB-5852-4E00-8905-7DD5D7A465CD}.Debug|Any CPU.ActiveCfg = Debug|Any CPU
		{E6DA89DB-5852-4E00-8905-7DD5D7A465CD}.Debug|Any CPU.Build.0 = Debug|Any CPU
		{E6DA89DB-5852-4E00-8905-7DD5D7A465CD}.Release|Any CPU.ActiveCfg = Release|Any CPU
		{E6DA89DB-5852-4E00-8905-7DD5D7A465CD}.Release|Any CPU.Build.0 = Release|Any CPU
	EndGlobalSection
	GlobalSection(SolutionProperties) = preSolution
		HideSolutionNode = FALSE
	EndGlobalSection
	GlobalSection(ExtensibilityGlobals) = postSolution
		SolutionGuid = {7B3099A2-B96E-4B25-A072-EC4130BB7B2D}
	EndGlobalSection
EndGlobal
